
Microsoft Visual Studio Solution File, Format Version 12.00
# Visual Studio 15
VisualStudioVersion = 15.0.28307.1145
MinimumVisualStudioVersion = 10.0.40219.1
Project("{8BC9CEB8-8B4A-11D0-8D11-00A0C91BC942}") = "Audio-Visualizer", "Audio-Visualizer\Audio-Visualizer.vcxproj", "{E9C6965F-7058-45CC-89C1-236298662DAC}"
EndProject
Global
	GlobalSection(SolutionConfigurationPlatforms) = preSolution
		Debug|x64 = Debug|x64
		Debug|x86 = Debug|x86
		Release|x64 = Release|x64
		Release|x86 = Release|x86
	EndGlobalSection
	GlobalSection(ProjectConfigurationPlatforms) = postSolution
		{E9C6965F-7058-45CC-89C1-236298662DAC}.Debug|x64.ActiveCfg = Debug|x64
		{E9C6965F-7058-45CC-89C1-236298662DAC}.Debug|x64.Build.0 = Debug|x64
		{E9C6965F-7058-45CC-89C1-236298662DAC}.Debug|x86.ActiveCfg = Debug|Win32
		{E9C6965F-7058-45CC-89C1-236298662DAC}.Debug|x86.Build.0 = Debug|Win32
		{E9C6965F-7058-45CC-89C1-236298662DAC}.Release|x64.ActiveCfg = Release|x64
		{E9C6965F-7058-45CC-89C1-236298662DAC}.Release|x64.Build.0 = Release|x64
		{E9C6965F-7058-45CC-89C1-236298662DAC}.Release|x86.ActiveCfg = Release|Win32
		{E9C6965F-7058-45CC-89C1-236298662DAC}.Release|x86.Build.0 = Release|Win32
	EndGlobalSection
	GlobalSection(SolutionProperties) = preSolution
		HideSolutionNode = FALSE
	EndGlobalSection
	GlobalSection(ExtensibilityGlobals) = postSolution
		SolutionGuid = {2CFB2845-B463-4B76-A42E-9BFC3891A5C8}
	EndGlobalSection
EndGlobal
